{
  "originHash" : "25173a1971b58c7ee3cf455cdb6d060f26309b34d2b2cca58671fbeb0f9c0273",
  "pins" : [
    {
      "identity" : "bcswiftfloat16",
      "kind" : "remoteSourceControl",
      "location" : "https://github.com/blockchaincommons/BCSwiftFloat16.git",
      "state" : {
        "revision" : "a27f3935a7b1db715713eda67369b02feade2ded",
        "version" : "2.0.0"
      }
    },
    {
      "identity" : "bcswifttags",
      "kind" : "remoteSourceControl",
      "location" : "https://github.com/BlockchainCommons/BCSwiftTags",
      "state" : {
        "revision" : "c7a1d820e7710ba2c874961c5dc7731017650661",
        "version" : "0.2.1"
      }
    },
    {
      "identity" : "swift-algorithms",
      "kind" : "remoteSourceControl",
      "location" : "https://github.com/apple/swift-algorithms.git",
      "state" : {
        "revision" : "f6919dfc309e7f1b56224378b11e28bab5bccc42",
        "version" : "1.2.0"
      }
    },
    {
      "identity" : "swift-numberkit",
      "kind" : "remoteSourceControl",
      "location" : "https://github.com/objecthub/swift-numberkit.git",
      "state" : {
        "revision" : "33af3f9011e45dcd8ee696492d30dbcd5a8a67f3",
        "version" : "2.6.0"
      }
    },
    {
      "identity" : "swift-numerics",
      "kind" : "remoteSourceControl",
      "location" : "https://github.com/apple/swift-numerics",
      "state" : {
        "revision" : "0a5bc04095a675662cf24757cc0640aa2204253b",
        "version" : "1.0.2"
      }
    },
    {
      "identity" : "swiftsortedcollections",
      "kind" : "remoteSourceControl",
      "location" : "https://github.com/wolfmcnally/SwiftSortedCollections",
      "state" : {
        "revision" : "dd6c8e0eaef987e55a35c056d185144a7c71fc19",
        "version" : "0.1.0"
      }
    },
    {
      "identity" : "wolfbase",
      "kind" : "remoteSourceControl",
      "location" : "https://github.com/wolfmcnally/WolfBase.git",
      "state" : {
        "revision" : "b2515098bb6f46a8c0386b383b0ed9282828d1c4",
        "version" : "7.0.0"
      }
    }
  ],
  "version" : 3
}
